
Microsoft Visual Studio Solution File, Format Version 12.00
# Visual Studio Version 16
VisualStudioVersion = 16.0.31624.102
MinimumVisualStudioVersion = 10.0.40219.1
Project("{FAE04EC0-301F-11D3-BF4B-00C04F79EFBC}") = "StudentFirebaseDemo.Android", "StudentFirebaseDemo.Android\StudentFirebaseDemo.Android.csproj", "{2D225D62-3D63-4571-8DDC-1F2569FC133B}"
EndProject
Project("{FAE04EC0-301F-11D3-BF4B-00C04F79EFBC}") = "StudentFirebaseDemo.iOS", "StudentFirebaseDemo.iOS\StudentFirebaseDemo.iOS.csproj", "{1EF6BA9E-F384-45C1-96E4-90B2A509A2B1}"
EndProject
Project("{FAE04EC0-301F-11D3-BF4B-00C04F79EFBC}") = "StudentFirebaseDemo", "StudentFirebaseDemo\StudentFirebaseDemo.csproj", "{1D9E1B19-7137-4C99-A06E-7A523C82D3BA}"
EndProject
Global
	GlobalSection(SolutionConfigurationPlatforms) = preSolution
		Debug|Any CPU = Debug|Any CPU
		Debug|iPhone = Debug|iPhone
		Debug|iPhoneSimulator = Debug|iPhoneSimulator
		Release|Any CPU = Release|Any CPU
		Release|iPhone = Release|iPhone
		Release|iPhoneSimulator = Release|iPhoneSimulator
	EndGlobalSection
	GlobalSection(ProjectConfigurationPlatforms) = postSolution
		{2D225D62-3D63-4571-8DDC-1F2569FC133B}.Debug|Any CPU.ActiveCfg = Debug|Any CPU
		{2D225D62-3D63-4571-8DDC-1F2569FC133B}.Debug|Any CPU.Build.0 = Debug|Any CPU
		{2D225D62-3D63-4571-8DDC-1F2569FC133B}.Debug|Any CPU.Deploy.0 = Debug|Any CPU
		{2D225D62-3D63-4571-8DDC-1F2569FC133B}.Debug|iPhone.ActiveCfg = Debug|Any CPU
		{2D225D62-3D63-4571-8DDC-1F2569FC133B}.Debug|iPhone.Build.0 = Debug|Any CPU
		{2D225D62-3D63-4571-8DDC-1F2569FC133B}.Debug|iPhone.Deploy.0 = Debug|Any CPU
		{2D225D62-3D63-4571-8DDC-1F2569FC133B}.Debug|iPhoneSimulator.ActiveCfg = Debug|Any CPU
		{2D225D62-3D63-4571-8DDC-1F2569FC133B}.Debug|iPhoneSimulator.Build.0 = Debug|Any CPU
		{2D225D62-3D63-4571-8DDC-1F2569FC133B}.Debug|iPhoneSimulator.Deploy.0 = Debug|Any CPU
		{2D225D62-3D63-4571-8DDC-1F2569FC133B}.Release|Any CPU.ActiveCfg = Release|Any CPU
		{2D225D62-3D63-4571-8DDC-1F2569FC133B}.Release|Any CPU.Build.0 = Release|Any CPU
		{2D225D62-3D63-4571-8DDC-1F2569FC133B}.Release|Any CPU.Deploy.0 = Release|Any CPU
		{2D225D62-3D63-4571-8DDC-1F2569FC133B}.Release|iPhone.ActiveCfg = Release|Any CPU
		{2D225D62-3D63-4571-8DDC-1F2569FC133B}.Release|iPhone.Build.0 = Release|Any CPU
		{2D225D62-3D63-4571-8DDC-1F2569FC133B}.Release|iPhone.Deploy.0 = Release|Any CPU
		{2D225D62-3D63-4571-8DDC-1F2569FC133B}.Release|iPhoneSimulator.ActiveCfg = Release|Any CPU
		{2D225D62-3D63-4571-8DDC-1F2569FC133B}.Release|iPhoneSimulator.Build.0 = Release|Any CPU
		{2D225D62-3D63-4571-8DDC-1F2569FC133B}.Release|iPhoneSimulator.Deploy.0 = Release|Any CPU
		{1EF6BA9E-F384-45C1-96E4-90B2A509A2B1}.Debug|Any CPU.ActiveCfg = Debug|iPhone
		{1EF6BA9E-F384-45C1-96E4-90B2A509A2B1}.Debug|Any CPU.Build.0 = Debug|iPhone
		{1EF6BA9E-F384-45C1-96E4-90B2A509A2B1}.Debug|Any CPU.Deploy.0 = Debug|iPhone
		{1EF6BA9E-F384-45C1-96E4-90B2A509A2B1}.Debug|iPhone.ActiveCfg = Debug|iPhone
		{1EF6BA9E-F384-45C1-96E4-90B2A509A2B1}.Debug|iPhone.Build.0 = Debug|iPhone
		{1EF6BA9E-F384-45C1-96E4-90B2A509A2B1}.Debug|iPhone.Deploy.0 = Debug|iPhone
		{1EF6BA9E-F384-45C1-96E4-90B2A509A2B1}.Debug|iPhoneSimulator.ActiveCfg = Debug|iPhoneSimulator
		{1EF6BA9E-F384-45C1-96E4-90B2A509A2B1}.Debug|iPhoneSimulator.Build.0 = Debug|iPhoneSimulator
		{1EF6BA9E-F384-45C1-96E4-90B2A509A2B1}.Debug|iPhoneSimulator.Deploy.0 = Debug|iPhoneSimulator
		{1EF6BA9E-F384-45C1-96E4-90B2A509A2B1}.Release|Any CPU.ActiveCfg = Release|iPhoneSimulator
		{1EF6BA9E-F384-45C1-96E4-90B2A509A2B1}.Release|Any CPU.Build.0 = Release|iPhoneSimulator
		{1EF6BA9E-F384-45C1-96E4-90B2A509A2B1}.Release|Any CPU.Deploy.0 = Release|iPhoneSimulator
		{1EF6BA9E-F384-45C1-96E4-90B2A509A2B1}.Release|iPhone.ActiveCfg = Release|iPhone
		{1EF6BA9E-F384-45C1-96E4-90B2A509A2B1}.Release|iPhone.Build.0 = Release|iPhone
		{1EF6BA9E-F384-45C1-96E4-90B2A509A2B1}.Release|iPhone.Deploy.0 = Release|iPhone
		{1EF6BA9E-F384-45C1-96E4-90B2A509A2B1}.Release|iPhoneSimulator.ActiveCfg = Release|iPhoneSimulator
		{1EF6BA9E-F384-45C1-96E4-90B2A509A2B1}.Release|iPhoneSimulator.Build.0 = Release|iPhoneSimulator
		{1EF6BA9E-F384-45C1-96E4-90B2A509A2B1}.Release|iPhoneSimulator.Deploy.0 = Release|iPhoneSimulator
		{1D9E1B19-7137-4C99-A06E-7A523C82D3BA}.Debug|Any CPU.ActiveCfg = Debug|Any CPU
		{1D9E1B19-7137-4C99-A06E-7A523C82D3BA}.Debug|Any CPU.Build.0 = Debug|Any CPU
		{1D9E1B19-7137-4C99-A06E-7A523C82D3BA}.Debug|Any CPU.Deploy.0 = Debug|Any CPU
		{1D9E1B19-7137-4C99-A06E-7A523C82D3BA}.Debug|iPhone.ActiveCfg = Debug|Any CPU
		{1D9E1B19-7137-4C99-A06E-7A523C82D3BA}.Debug|iPhone.Build.0 = Debug|Any CPU
		{1D9E1B19-7137-4C99-A06E-7A523C82D3BA}.Debug|iPhone.Deploy.0 = Debug|Any CPU
		{1D9E1B19-7137-4C99-A06E-7A523C82D3BA}.Debug|iPhoneSimulator.ActiveCfg = Debug|Any CPU
		{1D9E1B19-7137-4C99-A06E-7A523C82D3BA}.Debug|iPhoneSimulator.Build.0 = Debug|Any CPU
		{1D9E1B19-7137-4C99-A06E-7A523C82D3BA}.Debug|iPhoneSimulator.Deploy.0 = Debug|Any CPU
		{1D9E1B19-7137-4C99-A06E-7A523C82D3BA}.Release|Any CPU.ActiveCfg = Release|Any CPU
		{1D9E1B19-7137-4C99-A06E-7A523C82D3BA}.Release|Any CPU.Build.0 = Release|Any CPU
		{1D9E1B19-7137-4C99-A06E-7A523C82D3BA}.Release|Any CPU.Deploy.0 = Release|Any CPU
		{1D9E1B19-7137-4C99-A06E-7A523C82D3BA}.Release|iPhone.ActiveCfg = Release|Any CPU
		{1D9E1B19-7137-4C99-A06E-7A523C82D3BA}.Release|iPhone.Build.0 = Release|Any CPU
		{1D9E1B19-7137-4C99-A06E-7A523C82D3BA}.Release|iPhone.Deploy.0 = Release|Any CPU
		{1D9E1B19-7137-4C99-A06E-7A523C82D3BA}.Release|iPhoneSimulator.ActiveCfg = Release|Any CPU
		{1D9E1B19-7137-4C99-A06E-7A523C82D3BA}.Release|iPhoneSimulator.Build.0 = Release|Any CPU
		{1D9E1B19-7137-4C99-A06E-7A523C82D3BA}.Release|iPhoneSimulator.Deploy.0 = Release|Any CPU
	EndGlobalSection
	GlobalSection(SolutionProperties) = preSolution
		HideSolutionNode = FALSE
	EndGlobalSection
	GlobalSection(ExtensibilityGlobals) = postSolution
		SolutionGuid = {76609C9E-5CB4-4B1F-A2B4-3F5D168CB990}
	EndGlobalSection
EndGlobal
